
Microsoft Visual Studio Solution File, Format Version 12.00
# Visual Studio 15
VisualStudioVersion = 15.0.27130.2036
MinimumVisualStudioVersion = 10.0.40219.1
Project("{9A19103F-16F7-4668-BE54-9A1E7A4F7556}") = "ShapesArea", "ShapesArea\ShapesArea.csproj", "{7F30797A-636F-4AAD-AA0F-8C8F9B158E34}"
EndProject
Project("{FAE04EC0-301F-11D3-BF4B-00C04F79EFBC}") = "AreaCalculationTests", "AreaCalculationTests\AreaCalculationTests.csproj", "{FF49B6A1-5256-499C-B6BE-10FBBD2FBE49}"
EndProject
Global
	GlobalSection(SolutionConfigurationPlatforms) = preSolution
		Debug|Any CPU = Debug|Any CPU
		Release|Any CPU = Release|Any CPU
	EndGlobalSection
	GlobalSection(ProjectConfigurationPlatforms) = postSolution
		{7F30797A-636F-4AAD-AA0F-8C8F9B158E34}.Debug|Any CPU.ActiveCfg = Debug|Any CPU
		{7F30797A-636F-4AAD-AA0F-8C8F9B158E34}.Debug|Any CPU.Build.0 = Debug|Any CPU
		{7F30797A-636F-4AAD-AA0F-8C8F9B158E34}.Release|Any CPU.ActiveCfg = Release|Any CPU
		{7F30797A-636F-4AAD-AA0F-8C8F9B158E34}.Release|Any CPU.Build.0 = Release|Any CPU
		{FF49B6A1-5256-499C-B6BE-10FBBD2FBE49}.Debug|Any CPU.ActiveCfg = Debug|Any CPU
		{FF49B6A1-5256-499C-B6BE-10FBBD2FBE49}.Debug|Any CPU.Build.0 = Debug|Any CPU
		{FF49B6A1-5256-499C-B6BE-10FBBD2FBE49}.Release|Any CPU.ActiveCfg = Release|Any CPU
		{FF49B6A1-5256-499C-B6BE-10FBBD2FBE49}.Release|Any CPU.Build.0 = Release|Any CPU
	EndGlobalSection
	GlobalSection(SolutionProperties) = preSolution
		HideSolutionNode = FALSE
	EndGlobalSection
	GlobalSection(ExtensibilityGlobals) = postSolution
		SolutionGuid = {4655FA4B-B5DE-4B3D-90BA-79E952AD8777}
	EndGlobalSection
EndGlobal
